
Microsoft Visual Studio Solution File, Format Version 12.00
# Visual Studio Version 17
VisualStudioVersion = 17.4.33205.214
MinimumVisualStudioVersion = 10.0.40219.1
Project("{FAE04EC0-301F-11D3-BF4B-00C04F79EFBC}") = "AdamsShop", "AdamsShop\AdamsShop.csproj", "{DD20D5CE-59DB-49E3-89A1-AD847E8255EF}"
EndProject
Global
	GlobalSection(SolutionConfigurationPlatforms) = preSolution
		Debug|Any CPU = Debug|Any CPU
		Release|Any CPU = Release|Any CPU
	EndGlobalSection
	GlobalSection(ProjectConfigurationPlatforms) = postSolution
		{DD20D5CE-59DB-49E3-89A1-AD847E8255EF}.Debug|Any CPU.ActiveCfg = Debug|Any CPU
		{DD20D5CE-59DB-49E3-89A1-AD847E8255EF}.Debug|Any CPU.Build.0 = Debug|Any CPU
		{DD20D5CE-59DB-49E3-89A1-AD847E8255EF}.Release|Any CPU.ActiveCfg = Release|Any CPU
		{DD20D5CE-59DB-49E3-89A1-AD847E8255EF}.Release|Any CPU.Build.0 = Release|Any CPU
	EndGlobalSection
	GlobalSection(SolutionProperties) = preSolution
		HideSolutionNode = FALSE
	EndGlobalSection
	GlobalSection(ExtensibilityGlobals) = postSolution
		SolutionGuid = {B17A67B5-1152-46BB-B51E-A61D3EBA2980}
	EndGlobalSection
EndGlobal
